// !$*UTF8*$!
{
	archiveVersion = 1;
	classes = {
	};
	objectVersion = 50;
	objects = {

/* Begin PBXBuildFile section */
		4473775D2180752400B7B121 /* SiteTableViewController.swift in Sources */ = {isa = PBXBuildFile; fileRef = 4473775C2180752400B7B121 /* SiteTableViewController.swift */; };
		4473775F2180803900B7B121 /* BuildingTableViewController.swift in Sources */ = {isa = PBXBuildFile; fileRef = 4473775E2180803900B7B121 /* BuildingTableViewController.swift */; };
		447377612180804900B7B121 /* RoomTableViewController.swift in Sources */ = {isa = PBXBuildFile; fileRef = 447377602180804900B7B121 /* RoomTableViewController.swift */; };
		447377632180805800B7B121 /* SnagTableViewController.swift in Sources */ = {isa = PBXBuildFile; fileRef = 447377622180805800B7B121 /* SnagTableViewController.swift */; };
		447377672180814F00B7B121 /* CustomSnagCell.xib in Resources */ = {isa = PBXBuildFile; fileRef = 447377662180814F00B7B121 /* CustomSnagCell.xib */; };
		447377692180823500B7B121 /* SnagCell.swift in Sources */ = {isa = PBXBuildFile; fileRef = 447377682180823500B7B121 /* SnagCell.swift */; };
		4480227D21820CDA007CE947 /* AddSnagViewController.swift in Sources */ = {isa = PBXBuildFile; fileRef = 4480227C21820CDA007CE947 /* AddSnagViewController.swift */; };
		448DC98321766FDD00ED9671 /* AppDelegate.swift in Sources */ = {isa = PBXBuildFile; fileRef = 448DC98221766FDD00ED9671 /* AppDelegate.swift */; };
		448DC98821766FDD00ED9671 /* Main.storyboard in Resources */ = {isa = PBXBuildFile; fileRef = 448DC98621766FDD00ED9671 /* Main.storyboard */; };
		448DC98B21766FDD00ED9671 /* Snag.xcdatamodeld in Sources */ = {isa = PBXBuildFile; fileRef = 448DC98921766FDD00ED9671 /* Snag.xcdatamodeld */; };
		448DC98D21766FDE00ED9671 /* Assets.xcassets in Resources */ = {isa = PBXBuildFile; fileRef = 448DC98C21766FDE00ED9671 /* Assets.xcassets */; };
		448DC99021766FDE00ED9671 /* LaunchScreen.storyboard in Resources */ = {isa = PBXBuildFile; fileRef = 448DC98E21766FDE00ED9671 /* LaunchScreen.storyboard */; };
/* End PBXBuildFile section */

/* Begin PBXFileReference section */
		4473775C2180752400B7B121 /* SiteTableViewController.swift */ = {isa = PBXFileReference; lastKnownFileType = sourcecode.swift; path = SiteTableViewController.swift; sourceTree = "<group>"; };
		4473775E2180803900B7B121 /* BuildingTableViewController.swift */ = {isa = PBXFileReference; lastKnownFileType = sourcecode.swift; path = BuildingTableViewController.swift; sourceTree = "<group>"; };
		447377602180804900B7B121 /* RoomTableViewController.swift */ = {isa = PBXFileReference; lastKnownFileType = sourcecode.swift; path = RoomTableViewController.swift; sourceTree = "<group>"; };
		447377622180805800B7B121 /* SnagTableViewController.swift */ = {isa = PBXFileReference; lastKnownFileType = sourcecode.swift; path = SnagTableViewController.swift; sourceTree = "<group>"; };
		447377662180814F00B7B121 /* CustomSnagCell.xib */ = {isa = PBXFileReference; lastKnownFileType = file.xib; path = CustomSnagCell.xib; sourceTree = "<group>"; };
		447377682180823500B7B121 /* SnagCell.swift */ = {isa = PBXFileReference; lastKnownFileType = sourcecode.swift; path = SnagCell.swift; sourceTree = "<group>"; };
		4480227C21820CDA007CE947 /* AddSnagViewController.swift */ = {isa = PBXFileReference; lastKnownFileType = sourcecode.swift; path = AddSnagViewController.swift; sourceTree = "<group>"; };
		448DC97F21766FDD00ED9671 /* Snag.app */ = {isa = PBXFileReference; explicitFileType = wrapper.application; includeInIndex = 0; path = Snag.app; sourceTree = BUILT_PRODUCTS_DIR; };
		448DC98221766FDD00ED9671 /* AppDelegate.swift */ = {isa = PBXFileReference; lastKnownFileType = sourcecode.swift; path = AppDelegate.swift; sourceTree = "<group>"; };
		448DC98721766FDD00ED9671 /* Base */ = {isa = PBXFileReference; lastKnownFileType = file.storyboard; name = Base; path = Base.lproj/Main.storyboard; sourceTree = "<group>"; };
		448DC98A21766FDD00ED9671 /* Snag.xcdatamodel */ = {isa = PBXFileReference; lastKnownFileType = wrapper.xcdatamodel; path = Snag.xcdatamodel; sourceTree = "<group>"; };
		448DC98C21766FDE00ED9671 /* Assets.xcassets */ = {isa = PBXFileReference; lastKnownFileType = folder.assetcatalog; path = Assets.xcassets; sourceTree = "<group>"; };
		448DC98F21766FDE00ED9671 /* Base */ = {isa = PBXFileReference; lastKnownFileType = file.storyboard; name = Base; path = Base.lproj/LaunchScreen.storyboard; sourceTree = "<group>"; };
		448DC99121766FDE00ED9671 /* Info.plist */ = {isa = PBXFileReference; lastKnownFileType = text.plist.xml; path = Info.plist; sourceTree = "<group>"; };
/* End PBXFileReference section */

/* Begin PBXFrameworksBuildPhase section */
		448DC97C21766FDD00ED9671 /* Frameworks */ = {
			isa = PBXFrameworksBuildPhase;
			buildActionMask = 2147483647;
			files = (
			);
			runOnlyForDeploymentPostprocessing = 0;
		};
/* End PBXFrameworksBuildPhase section */

/* Begin PBXGroup section */
		447377582180702C00B7B121 /* Views */ = {
			isa = PBXGroup;
			children = (
				448DC98621766FDD00ED9671 /* Main.storyboard */,
				448DC98E21766FDE00ED9671 /* LaunchScreen.storyboard */,
				447377662180814F00B7B121 /* CustomSnagCell.xib */,
			);
			path = Views;
			sourceTree = "<group>";
		};
		447377592180703A00B7B121 /* Controllers */ = {
			isa = PBXGroup;
			children = (
				4473775C2180752400B7B121 /* SiteTableViewController.swift */,
				4473775E2180803900B7B121 /* BuildingTableViewController.swift */,
				447377602180804900B7B121 /* RoomTableViewController.swift */,
				447377622180805800B7B121 /* SnagTableViewController.swift */,
				447377682180823500B7B121 /* SnagCell.swift */,
				4480227C21820CDA007CE947 /* AddSnagViewController.swift */,
			);
			path = Controllers;
			sourceTree = "<group>";
		};
		4473775A2180704500B7B121 /* Model */ = {
			isa = PBXGroup;
			children = (
				448DC98921766FDD00ED9671 /* Snag.xcdatamodeld */,
			);
			path = Model;
			sourceTree = "<group>";
		};
		4473775B2180704C00B7B121 /* Supporting Files */ = {
			isa = PBXGroup;
			children = (
				448DC98C21766FDE00ED9671 /* Assets.xcassets */,
			);
			path = "Supporting Files";
			sourceTree = "<group>";
		};
		448DC97621766FDD00ED9671 = {
			isa = PBXGroup;
			children = (
				448DC98121766FDD00ED9671 /* Snag */,
				448DC98021766FDD00ED9671 /* Products */,
			);
			sourceTree = "<group>";
		};
		448DC98021766FDD00ED9671 /* Products */ = {
			isa = PBXGroup;
			children = (
				448DC97F21766FDD00ED9671 /* Snag.app */,
			);
			name = Products;
			sourceTree = "<group>";
		};
		448DC98121766FDD00ED9671 /* Snag */ = {
			isa = PBXGroup;
			children = (
				448DC99121766FDE00ED9671 /* Info.plist */,
				448DC98221766FDD00ED9671 /* AppDelegate.swift */,
				447377592180703A00B7B121 /* Controllers */,
				4473775A2180704500B7B121 /* Model */,
				4473775B2180704C00B7B121 /* Supporting Files */,
				447377582180702C00B7B121 /* Views */,
			);
			path = Snag;
			sourceTree = "<group>";
		};
/* End PBXGroup section */

/* Begin PBXNativeTarget section */
		448DC97E21766FDD00ED9671 /* Snag */ = {
			isa = PBXNativeTarget;
			buildConfigurationList = 448DC99421766FDE00ED9671 /* Build configuration list for PBXNativeTarget "Snag" */;
			buildPhases = (
				448DC97B21766FDD00ED9671 /* Sources */,
				448DC97C21766FDD00ED9671 /* Frameworks */,
				448DC97D21766FDD00ED9671 /* Resources */,
			);
			buildRules = (
			);
			dependencies = (
			);
			name = Snag;
			productName = Snag;
			productReference = 448DC97F21766FDD00ED9671 /* Snag.app */;
			productType = "com.apple.product-type.application";
		};
/* End PBXNativeTarget section */

/* Begin PBXProject section */
		448DC97721766FDD00ED9671 /* Project object */ = {
			isa = PBXProject;
			attributes = {
				LastSwiftUpdateCheck = 1000;
				LastUpgradeCheck = 1000;
				ORGANIZATIONNAME = "Eugene Trumpelmann";
				TargetAttributes = {
					448DC97E21766FDD00ED9671 = {
						CreatedOnToolsVersion = 10.0;
					};
				};
			};
			buildConfigurationList = 448DC97A21766FDD00ED9671 /* Build configuration list for PBXProject "Snag" */;
			compatibilityVersion = "Xcode 9.3";
			developmentRegion = en;
			hasScannedForEncodings = 0;
			knownRegions = (
				en,
				Base,
			);
			mainGroup = 448DC97621766FDD00ED9671;
			productRefGroup = 448DC98021766FDD00ED9671 /* Products */;
			projectDirPath = "";
			projectRoot = "";
			targets = (
				448DC97E21766FDD00ED9671 /* Snag */,
			);
		};
/* End PBXProject section */

/* Begin PBXResourcesBuildPhase section */
		448DC97D21766FDD00ED9671 /* Resources */ = {
			isa = PBXResourcesBuildPhase;
			buildActionMask = 2147483647;
			files = (
				448DC99021766FDE00ED9671 /* LaunchScreen.storyboard in Resources */,
				448DC98D21766FDE00ED9671 /* Assets.xcassets in Resources */,
				447377672180814F00B7B121 /* CustomSnagCell.xib in Resources */,
				448DC98821766FDD00ED9671 /* Main.storyboard in Resources */,
			);
			runOnlyForDeploymentPostprocessing = 0;
		};
/* End PBXResourcesBuildPhase section */

/* Begin PBXSourcesBuildPhase section */
		448DC97B21766FDD00ED9671 /* Sources */ = {
			isa = PBXSourcesBuildPhase;
			buildActionMask = 2147483647;
			files = (
				447377612180804900B7B121 /* RoomTableViewController.swift in Sources */,
				448DC98B21766FDD00ED9671 /* Snag.xcdatamodeld in Sources */,
				447377632180805800B7B121 /* SnagTableViewController.swift in Sources */,
				448DC98321766FDD00ED9671 /* AppDelegate.swift in Sources */,
				4473775D2180752400B7B121 /* SiteTableViewController.swift in Sources */,
				4473775F2180803900B7B121 /* BuildingTableViewController.swift in Sources */,
				447377692180823500B7B121 /* SnagCell.swift in Sources */,
				4480227D21820CDA007CE947 /* AddSnagViewController.swift in Sources */,
			);
			runOnlyForDeploymentPostprocessing = 0;
		};
/* End PBXSourcesBuildPhase section */

/* Begin PBXVariantGroup section */
		448DC98621766FDD00ED9671 /* Main.storyboard */ = {
			isa = PBXVariantGroup;
			children = (
				448DC98721766FDD00ED9671 /* Base */,
			);
			name = Main.storyboard;
			sourceTree = "<group>";
		};
		448DC98E21766FDE00ED9671 /* LaunchScreen.storyboard */ = {
			isa = PBXVariantGroup;
			children = (
				448DC98F21766FDE00ED9671 /* Base */,
			);
			name = LaunchScreen.storyboard;
			sourceTree = "<group>";
		};
/* End PBXVariantGroup section */

/* Begin XCBuildConfiguration section */
		448DC99221766FDE00ED9671 /* Debug */ = {
			isa = XCBuildConfiguration;
			buildSettings = {
				ALWAYS_SEARCH_USER_PATHS = NO;
				CLANG_ANALYZER_NONNULL = YES;
				CLANG_ANALYZER_NUMBER_OBJECT_CONVERSION = YES_AGGRESSIVE;
				CLANG_CXX_LANGUAGE_STANDARD = "gnu++14";
				CLANG_CXX_LIBRARY = "libc++";
				CLANG_ENABLE_MODULES = YES;
				CLANG_ENABLE_OBJC_ARC = YES;
				CLANG_ENABLE_OBJC_WEAK = YES;
				CLANG_WARN_BLOCK_CAPTURE_AUTORELEASING = YES;
				CLANG_WARN_BOOL_CONVERSION = YES;
				CLANG_WARN_COMMA = YES;
				CLANG_WARN_CONSTANT_CONVERSION = YES;
				CLANG_WARN_DEPRECATED_OBJC_IMPLEMENTATIONS = YES;
				CLANG_WARN_DIRECT_OBJC_ISA_USAGE = YES_ERROR;
				CLANG_WARN_DOCUMENTATION_COMMENTS = YES;
				CLANG_WARN_EMPTY_BODY = YES;
				CLANG_WARN_ENUM_CONVERSION = YES;
				CLANG_WARN_INFINITE_RECURSION = YES;
				CLANG_WARN_INT_CONVERSION = YES;
				CLANG_WARN_NON_LITERAL_NULL_CONVERSION = YES;
				CLANG_WARN_OBJC_IMPLICIT_RETAIN_SELF = YES;
				CLANG_WARN_OBJC_LITERAL_CONVERSION = YES;
				CLANG_WARN_OBJC_ROOT_CLASS = YES_ERROR;
				CLANG_WARN_RANGE_LOOP_ANALYSIS = YES;
				CLANG_WARN_STRICT_PROTOTYPES = YES;
				CLANG_WARN_SUSPICIOUS_MOVE = YES;
				CLANG_WARN_UNGUARDED_AVAILABILITY = YES_AGGRESSIVE;
				CLANG_WARN_UNREACHABLE_CODE = YES;
				CLANG_WARN__DUPLICATE_METHOD_MATCH = YES;
				CODE_SIGN_IDENTITY = "iPhone Developer";
				COPY_PHASE_STRIP = NO;
				DEBUG_INFORMATION_FORMAT = dwarf;
				ENABLE_STRICT_OBJC_MSGSEND = YES;
				ENABLE_TESTABILITY = YES;
				GCC_C_LANGUAGE_STANDARD = gnu11;
				GCC_DYNAMIC_NO_PIC = NO;
				GCC_NO_COMMON_BLOCKS = YES;
				GCC_OPTIMIZATION_LEVEL = 0;
				GCC_PREPROCESSOR_DEFINITIONS = (
					"DEBUG=1",
					"$(inherited)",
				);
				GCC_WARN_64_TO_32_BIT_CONVERSION = YES;
				GCC_WARN_ABOUT_RETURN_TYPE = YES_ERROR;
				GCC_WARN_UNDECLARED_SELECTOR = YES;
				GCC_WARN_UNINITIALIZED_AUTOS = YES_AGGRESSIVE;
				GCC_WARN_UNUSED_FUNCTION = YES;
				GCC_WARN_UNUSED_VARIABLE = YES;
				IPHONEOS_DEPLOYMENT_TARGET = 12.0;
				MTL_ENABLE_DEBUG_INFO = INCLUDE_SOURCE;
				MTL_FAST_MATH = YES;
				ONLY_ACTIVE_ARCH = YES;
				SDKROOT = iphoneos;
				SWIFT_ACTIVE_COMPILATION_CONDITIONS = DEBUG;
				SWIFT_OPTIMIZATION_LEVEL = "-Onone";
			};
			name = Debug;
		};
		448DC99321766FDE00ED9671 /* Release */ = {
			isa = XCBuildConfiguration;
			buildSettings = {
				ALWAYS_SEARCH_USER_PATHS = NO;
				CLANG_ANALYZER_NONNULL = YES;
				CLANG_ANALYZER_NUMBER_OBJECT_CONVERSION = YES_AGGRESSIVE;
				CLANG_CXX_LANGUAGE_STANDARD = "gnu++14";
				CLANG_CXX_LIBRARY = "libc++";
				CLANG_ENABLE_MODULES = YES;
				CLANG_ENABLE_OBJC_ARC = YES;
				CLANG_ENABLE_OBJC_WEAK = YES;
				CLANG_WARN_BLOCK_CAPTURE_AUTORELEASING = YES;
				CLANG_WARN_BOOL_CONVERSION = YES;
				CLANG_WARN_COMMA = YES;
				CLANG_WARN_CONSTANT_CONVERSION = YES;
				CLANG_WARN_DEPRECATED_OBJC_IMPLEMENTATIONS = YES;
				CLANG_WARN_DIRECT_OBJC_ISA_USAGE = YES_ERROR;
				CLANG_WARN_DOCUMENTATION_COMMENTS = YES;
				CLANG_WARN_EMPTY_BODY = YES;
				CLANG_WARN_ENUM_CONVERSION = YES;
				CLANG_WARN_INFINITE_RECURSION = YES;
				CLANG_WARN_INT_CONVERSION = YES;
				CLANG_WARN_NON_LITERAL_NULL_CONVERSION = YES;
				CLANG_WARN_OBJC_IMPLICIT_RETAIN_SELF = YES;
				CLANG_WARN_OBJC_LITERAL_CONVERSION = YES;
				CLANG_WARN_OBJC_ROOT_CLASS = YES_ERROR;
				CLANG_WARN_RANGE_LOOP_ANALYSIS = YES;
				CLANG_WARN_STRICT_PROTOTYPES = YES;
				CLANG_WARN_SUSPICIOUS_MOVE = YES;
				CLANG_WARN_UNGUARDED_AVAILABILITY = YES_AGGRESSIVE;
				CLANG_WARN_UNREACHABLE_CODE = YES;
				CLANG_WARN__DUPLICATE_METHOD_MATCH = YES;
				CODE_SIGN_IDENTITY = "iPhone Developer";
				COPY_PHASE_STRIP = NO;
				DEBUG_INFORMATION_FORMAT = "dwarf-with-dsym";
				ENABLE_NS_ASSERTIONS = NO;
				ENABLE_STRICT_OBJC_MSGSEND = YES;
				GCC_C_LANGUAGE_STANDARD = gnu11;
				GCC_NO_COMMON_BLOCKS = YES;
				GCC_WARN_64_TO_32_BIT_CONVERSION = YES;
				GCC_WARN_ABOUT_RETURN_TYPE = YES_ERROR;
				GCC_WARN_UNDECLARED_SELECTOR = YES;
				GCC_WARN_UNINITIALIZED_AUTOS = YES_AGGRESSIVE;
				GCC_WARN_UNUSED_FUNCTION = YES;
				GCC_WARN_UNUSED_VARIABLE = YES;
				IPHONEOS_DEPLOYMENT_TARGET = 12.0;
				MTL_ENABLE_DEBUG_INFO = NO;
				MTL_FAST_MATH = YES;
				SDKROOT = iphoneos;
				SWIFT_COMPILATION_MODE = wholemodule;
				SWIFT_OPTIMIZATION_LEVEL = "-O";
				VALIDATE_PRODUCT = YES;
			};
			name = Release;
		};
		448DC99521766FDE00ED9671 /* Debug */ = {
			isa = XCBuildConfiguration;
			buildSettings = {
				ASSETCATALOG_COMPILER_APPICON_NAME = AppIcon;
				CODE_SIGN_STYLE = Automatic;
				DEVELOPMENT_TEAM = JR76DGBBDC;
				INFOPLIST_FILE = Snag/Info.plist;
				LD_RUNPATH_SEARCH_PATHS = (
					"$(inherited)",
					"@executable_path/Frameworks",
				);
				PRODUCT_BUNDLE_IDENTIFIER = za.co.Ababwa.Snag;
				PRODUCT_NAME = "$(TARGET_NAME)";
				SWIFT_VERSION = 4.2;
				TARGETED_DEVICE_FAMILY = "1,2";
			};
			name = Debug;
		};
		448DC99621766FDE00ED9671 /* Release */ = {
			isa = XCBuildConfiguration;
			buildSettings = {
				ASSETCATALOG_COMPILER_APPICON_NAME = AppIcon;
				CODE_SIGN_STYLE = Automatic;
				DEVELOPMENT_TEAM = JR76DGBBDC;
				INFOPLIST_FILE = Snag/Info.plist;
				LD_RUNPATH_SEARCH_PATHS = (
					"$(inherited)",
					"@executable_path/Frameworks",
				);
				PRODUCT_BUNDLE_IDENTIFIER = za.co.Ababwa.Snag;
				PRODUCT_NAME = "$(TARGET_NAME)";
				SWIFT_VERSION = 4.2;
				TARGETED_DEVICE_FAMILY = "1,2";
			};
			name = Release;
		};
/* End XCBuildConfiguration section */

/* Begin XCConfigurationList section */
		448DC97A21766FDD00ED9671 /* Build configuration list for PBXProject "Snag" */ = {
			isa = XCConfigurationList;
			buildConfigurations = (
				448DC99221766FDE00ED9671 /* Debug */,
				448DC99321766FDE00ED9671 /* Release */,
			);
			defaultConfigurationIsVisible = 0;
			defaultConfigurationName = Release;
		};
		448DC99421766FDE00ED9671 /* Build configuration list for PBXNativeTarget "Snag" */ = {
			isa = XCConfigurationList;
			buildConfigurations = (
				448DC99521766FDE00ED9671 /* Debug */,
				448DC99621766FDE00ED9671 /* Release */,
			);
			defaultConfigurationIsVisible = 0;
			defaultConfigurationName = Release;
		};
/* End XCConfigurationList section */

/* Begin XCVersionGroup section */
		448DC98921766FDD00ED9671 /* Snag.xcdatamodeld */ = {
			isa = XCVersionGroup;
			children = (
				448DC98A21766FDD00ED9671 /* Snag.xcdatamodel */,
			);
			currentVersion = 448DC98A21766FDD00ED9671 /* Snag.xcdatamodel */;
			path = Snag.xcdatamodeld;
			sourceTree = "<group>";
			versionGroupType = wrapper.xcdatamodel;
		};
/* End XCVersionGroup section */
	};
	rootObject = 448DC97721766FDD00ED9671 /* Project object */;
}
